
Microsoft Visual Studio Solution File, Format Version 12.00
# Visual Studio Version 16
VisualStudioVersion = 16.0.28803.916
MinimumVisualStudioVersion = 10.0.40219.1
Project("{FAE04EC0-301F-11D3-BF4B-00C04F79EFBC}") = "CURRICULO3.1", "CURRICULO3.1\CURRICULO3.1.csproj", "{5C1B0C6E-516F-4EFD-A506-EBF9DD642B15}"
EndProject
Global
	GlobalSection(SolutionConfigurationPlatforms) = preSolution
		Debug|Any CPU = Debug|Any CPU
		Release|Any CPU = Release|Any CPU
	EndGlobalSection
	GlobalSection(ProjectConfigurationPlatforms) = postSolution
		{5C1B0C6E-516F-4EFD-A506-EBF9DD642B15}.Debug|Any CPU.ActiveCfg = Debug|Any CPU
		{5C1B0C6E-516F-4EFD-A506-EBF9DD642B15}.Debug|Any CPU.Build.0 = Debug|Any CPU
		{5C1B0C6E-516F-4EFD-A506-EBF9DD642B15}.Release|Any CPU.ActiveCfg = Release|Any CPU
		{5C1B0C6E-516F-4EFD-A506-EBF9DD642B15}.Release|Any CPU.Build.0 = Release|Any CPU
	EndGlobalSection
	GlobalSection(SolutionProperties) = preSolution
		HideSolutionNode = FALSE
	EndGlobalSection
	GlobalSection(ExtensibilityGlobals) = postSolution
		SolutionGuid = {ED5C1653-D122-47AB-90FD-94D4E5DD4ABD}
	EndGlobalSection
EndGlobal
